
Microsoft Visual Studio Solution File, Format Version 12.00
# Visual Studio 2013
VisualStudioVersion = 12.0.31101.0
MinimumVisualStudioVersion = 10.0.40219.1
Project("{FAE04EC0-301F-11D3-BF4B-00C04F79EFBC}") = "CypherNet.Core.Tests", "CypherNet.Core.Tests\CypherNet.Core.Tests.csproj", "{D39B15AA-C7D1-4CFE-B2FF-6B5F28601D5C}"
EndProject
Project("{FAE04EC0-301F-11D3-BF4B-00C04F79EFBC}") = "CypherNet.Core", "CypherNet.Core\CypherNet.Core.csproj", "{65E477A9-06A4-49CF-B2DD-FA524FCDF1AB}"
EndProject
Project("{2150E333-8FDC-42A3-9474-1A3956D46DE8}") = ".nuget", ".nuget", "{D163CE69-9776-4BB9-B625-4F60B0615E81}"
	ProjectSection(SolutionItems) = preProject
		.nuget\NuGet.Config = .nuget\NuGet.Config
		.nuget\NuGet.exe = .nuget\NuGet.exe
		.nuget\NuGet.targets = .nuget\NuGet.targets
	EndProjectSection
EndProject
Project("{2150E333-8FDC-42A3-9474-1A3956D46DE8}") = "Solution Items", "Solution Items", "{E5BD36F4-5325-4CB6-85ED-2A189176CD4A}"
	ProjectSection(SolutionItems) = preProject
		Settings.StyleCop = Settings.StyleCop
	EndProjectSection
EndProject
Global
	GlobalSection(SolutionConfigurationPlatforms) = preSolution
		Debug|Any CPU = Debug|Any CPU
		Release|Any CPU = Release|Any CPU
	EndGlobalSection
	GlobalSection(ProjectConfigurationPlatforms) = postSolution
		{D39B15AA-C7D1-4CFE-B2FF-6B5F28601D5C}.Debug|Any CPU.ActiveCfg = Debug|Any CPU
		{D39B15AA-C7D1-4CFE-B2FF-6B5F28601D5C}.Debug|Any CPU.Build.0 = Debug|Any CPU
		{D39B15AA-C7D1-4CFE-B2FF-6B5F28601D5C}.Release|Any CPU.ActiveCfg = Release|Any CPU
		{D39B15AA-C7D1-4CFE-B2FF-6B5F28601D5C}.Release|Any CPU.Build.0 = Release|Any CPU
		{65E477A9-06A4-49CF-B2DD-FA524FCDF1AB}.Debug|Any CPU.ActiveCfg = Debug|Any CPU
		{65E477A9-06A4-49CF-B2DD-FA524FCDF1AB}.Debug|Any CPU.Build.0 = Debug|Any CPU
		{65E477A9-06A4-49CF-B2DD-FA524FCDF1AB}.Release|Any CPU.ActiveCfg = Release|Any CPU
		{65E477A9-06A4-49CF-B2DD-FA524FCDF1AB}.Release|Any CPU.Build.0 = Release|Any CPU
	EndGlobalSection
	GlobalSection(SolutionProperties) = preSolution
		HideSolutionNode = FALSE
	EndGlobalSection
EndGlobal
